
Microsoft Visual Studio Solution File, Format Version 12.00
# Visual Studio Version 17
VisualStudioVersion = 17.7.34031.279
MinimumVisualStudioVersion = 10.0.40219.1
Project("{FAE04EC0-301F-11D3-BF4B-00C04F79EFBC}") = "GameCheatTemplate", "GameCheatTemplate\GameCheatTemplate.csproj", "{90BCD87A-99DF-402F-A78F-16E0F3E40C62}"
EndProject
Global
	GlobalSection(SolutionConfigurationPlatforms) = preSolution
		Debug|Any CPU = Debug|Any CPU
		Release|Any CPU = Release|Any CPU
	EndGlobalSection
	GlobalSection(ProjectConfigurationPlatforms) = postSolution
		{90BCD87A-99DF-402F-A78F-16E0F3E40C62}.Debug|Any CPU.ActiveCfg = Debug|Any CPU
		{90BCD87A-99DF-402F-A78F-16E0F3E40C62}.Debug|Any CPU.Build.0 = Debug|Any CPU
		{90BCD87A-99DF-402F-A78F-16E0F3E40C62}.Release|Any CPU.ActiveCfg = Release|Any CPU
		{90BCD87A-99DF-402F-A78F-16E0F3E40C62}.Release|Any CPU.Build.0 = Release|Any CPU
	EndGlobalSection
	GlobalSection(SolutionProperties) = preSolution
		HideSolutionNode = FALSE
	EndGlobalSection
	GlobalSection(ExtensibilityGlobals) = postSolution
		SolutionGuid = {A999B289-D59E-4616-92F5-1ABBC7FE1896}
	EndGlobalSection
EndGlobal
